
Microsoft Visual Studio Solution File, Format Version 12.00
# Visual Studio Version 16
VisualStudioVersion = 16.0.31019.35
MinimumVisualStudioVersion = 10.0.40219.1
Project("{FAE04EC0-301F-11D3-BF4B-00C04F79EFBC}") = "SeminarWebservice2021", "SeminarWebservice2021.csproj", "{FD5B5D87-BB07-42FE-B0A6-2B27D2F9D102}"
EndProject
Global
	GlobalSection(SolutionConfigurationPlatforms) = preSolution
		Debug|Any CPU = Debug|Any CPU
		Release|Any CPU = Release|Any CPU
	EndGlobalSection
	GlobalSection(ProjectConfigurationPlatforms) = postSolution
		{FD5B5D87-BB07-42FE-B0A6-2B27D2F9D102}.Debug|Any CPU.ActiveCfg = Debug|Any CPU
		{FD5B5D87-BB07-42FE-B0A6-2B27D2F9D102}.Debug|Any CPU.Build.0 = Debug|Any CPU
		{FD5B5D87-BB07-42FE-B0A6-2B27D2F9D102}.Release|Any CPU.ActiveCfg = Release|Any CPU
		{FD5B5D87-BB07-42FE-B0A6-2B27D2F9D102}.Release|Any CPU.Build.0 = Release|Any CPU
	EndGlobalSection
	GlobalSection(SolutionProperties) = preSolution
		HideSolutionNode = FALSE
	EndGlobalSection
	GlobalSection(ExtensibilityGlobals) = postSolution
		SolutionGuid = {2BC3D8F9-705E-4616-AD94-3C1A19F6F766}
	EndGlobalSection
EndGlobal
